
Microsoft Visual Studio Solution File, Format Version 12.00
# Visual Studio Version 16
VisualStudioVersion = 16.0.29521.150
MinimumVisualStudioVersion = 10.0.40219.1
Project("{FAE04EC0-301F-11D3-BF4B-00C04F79EFBC}") = "WebApplication2", "WebApplication2\WebApplication2.csproj", "{5169F591-19A5-40EF-9548-DE7D99D2E12F}"
EndProject
Global
	GlobalSection(SolutionConfigurationPlatforms) = preSolution
		Debug|Any CPU = Debug|Any CPU
		Release|Any CPU = Release|Any CPU
	EndGlobalSection
	GlobalSection(ProjectConfigurationPlatforms) = postSolution
		{5169F591-19A5-40EF-9548-DE7D99D2E12F}.Debug|Any CPU.ActiveCfg = Debug|Any CPU
		{5169F591-19A5-40EF-9548-DE7D99D2E12F}.Debug|Any CPU.Build.0 = Debug|Any CPU
		{5169F591-19A5-40EF-9548-DE7D99D2E12F}.Release|Any CPU.ActiveCfg = Release|Any CPU
		{5169F591-19A5-40EF-9548-DE7D99D2E12F}.Release|Any CPU.Build.0 = Release|Any CPU
	EndGlobalSection
	GlobalSection(SolutionProperties) = preSolution
		HideSolutionNode = FALSE
	EndGlobalSection
	GlobalSection(ExtensibilityGlobals) = postSolution
		SolutionGuid = {AD9655BC-3708-42D0-8C53-47179E060F2C}
	EndGlobalSection
EndGlobal
